
Microsoft Visual Studio Solution File, Format Version 12.00
# Visual Studio Version 17
VisualStudioVersion = 17.1.32328.378
MinimumVisualStudioVersion = 10.0.40219.1
Project("{9A19103F-16F7-4668-BE54-9A1E7A4F7556}") = "BudgetBlazor", "BudgetBlazor\BudgetBlazor.csproj", "{53E6455B-61B4-4123-908A-2AE44C7ECDC6}"
EndProject
Project("{9A19103F-16F7-4668-BE54-9A1E7A4F7556}") = "BudgetBlazor.DataAccess", "BudgetBlazor.DataAccess\BudgetBlazor.DataAccess.csproj", "{37CC5F7B-52A6-495A-A6ED-AB588DEC405B}"
EndProject
Project("{9A19103F-16F7-4668-BE54-9A1E7A4F7556}") = "BudgetBlazor.Helpers", "BudgetBlazor.Helpers\BudgetBlazor.Helpers.csproj", "{4A130FE8-3026-4537-97DE-B28523D8F203}"
EndProject
Project("{FAE04EC0-301F-11D3-BF4B-00C04F79EFBC}") = "BudgetBlazor.PageComponents", "BudgetBlazor.PageComponents\BudgetBlazor.PageComponents.csproj", "{B93E323E-E2E3-47D1-AC08-53F90EF44883}"
EndProject
Project("{FAE04EC0-301F-11D3-BF4B-00C04F79EFBC}") = "BudgetBlazor.Shared", "BudgetBlazor.Shared\BudgetBlazor.Shared.csproj", "{1D774C11-0175-4A44-8DAD-41E3ECD15A2C}"
EndProject
Global
	GlobalSection(SolutionConfigurationPlatforms) = preSolution
		Debug|Any CPU = Debug|Any CPU
		Release|Any CPU = Release|Any CPU
	EndGlobalSection
	GlobalSection(ProjectConfigurationPlatforms) = postSolution
		{53E6455B-61B4-4123-908A-2AE44C7ECDC6}.Debug|Any CPU.ActiveCfg = Debug|Any CPU
		{53E6455B-61B4-4123-908A-2AE44C7ECDC6}.Debug|Any CPU.Build.0 = Debug|Any CPU
		{53E6455B-61B4-4123-908A-2AE44C7ECDC6}.Release|Any CPU.ActiveCfg = Release|Any CPU
		{53E6455B-61B4-4123-908A-2AE44C7ECDC6}.Release|Any CPU.Build.0 = Release|Any CPU
		{37CC5F7B-52A6-495A-A6ED-AB588DEC405B}.Debug|Any CPU.ActiveCfg = Debug|Any CPU
		{37CC5F7B-52A6-495A-A6ED-AB588DEC405B}.Debug|Any CPU.Build.0 = Debug|Any CPU
		{37CC5F7B-52A6-495A-A6ED-AB588DEC405B}.Release|Any CPU.ActiveCfg = Release|Any CPU
		{37CC5F7B-52A6-495A-A6ED-AB588DEC405B}.Release|Any CPU.Build.0 = Release|Any CPU
		{4A130FE8-3026-4537-97DE-B28523D8F203}.Debug|Any CPU.ActiveCfg = Debug|Any CPU
		{4A130FE8-3026-4537-97DE-B28523D8F203}.Debug|Any CPU.Build.0 = Debug|Any CPU
		{4A130FE8-3026-4537-97DE-B28523D8F203}.Release|Any CPU.ActiveCfg = Release|Any CPU
		{4A130FE8-3026-4537-97DE-B28523D8F203}.Release|Any CPU.Build.0 = Release|Any CPU
		{B93E323E-E2E3-47D1-AC08-53F90EF44883}.Debug|Any CPU.ActiveCfg = Debug|Any CPU
		{B93E323E-E2E3-47D1-AC08-53F90EF44883}.Debug|Any CPU.Build.0 = Debug|Any CPU
		{B93E323E-E2E3-47D1-AC08-53F90EF44883}.Release|Any CPU.ActiveCfg = Release|Any CPU
		{B93E323E-E2E3-47D1-AC08-53F90EF44883}.Release|Any CPU.Build.0 = Release|Any CPU
		{1D774C11-0175-4A44-8DAD-41E3ECD15A2C}.Debug|Any CPU.ActiveCfg = Debug|Any CPU
		{1D774C11-0175-4A44-8DAD-41E3ECD15A2C}.Debug|Any CPU.Build.0 = Debug|Any CPU
		{1D774C11-0175-4A44-8DAD-41E3ECD15A2C}.Release|Any CPU.ActiveCfg = Release|Any CPU
		{1D774C11-0175-4A44-8DAD-41E3ECD15A2C}.Release|Any CPU.Build.0 = Release|Any CPU
	EndGlobalSection
	GlobalSection(SolutionProperties) = preSolution
		HideSolutionNode = FALSE
	EndGlobalSection
	GlobalSection(ExtensibilityGlobals) = postSolution
		SolutionGuid = {345E2271-5C38-4682-8B58-0C4487851B3A}
	EndGlobalSection
EndGlobal
